
Microsoft Visual Studio Solution File, Format Version 12.00
# Visual Studio Version 16
VisualStudioVersion = 16.0.33328.57
MinimumVisualStudioVersion = 10.0.40219.1
Project("{FAE04EC0-301F-11D3-BF4B-00C04F79EFBC}") = "FOR_BD", "FOR_BD.csproj", "{37C35372-C88E-42F0-9B3C-80B3047475CA}"
EndProject
Global
	GlobalSection(SolutionConfigurationPlatforms) = preSolution
		Debug|Any CPU = Debug|Any CPU
		Release|Any CPU = Release|Any CPU
	EndGlobalSection
	GlobalSection(ProjectConfigurationPlatforms) = postSolution
		{37C35372-C88E-42F0-9B3C-80B3047475CA}.Debug|Any CPU.ActiveCfg = Debug|Any CPU
		{37C35372-C88E-42F0-9B3C-80B3047475CA}.Debug|Any CPU.Build.0 = Debug|Any CPU
		{37C35372-C88E-42F0-9B3C-80B3047475CA}.Release|Any CPU.ActiveCfg = Release|Any CPU
		{37C35372-C88E-42F0-9B3C-80B3047475CA}.Release|Any CPU.Build.0 = Release|Any CPU
	EndGlobalSection
	GlobalSection(SolutionProperties) = preSolution
		HideSolutionNode = FALSE
	EndGlobalSection
	GlobalSection(ExtensibilityGlobals) = postSolution
		SolutionGuid = {FFEFC5AB-2938-40DD-9343-E788A2E77D05}
	EndGlobalSection
EndGlobal
